{
  "name": "v",
  "version": "1.0.0",
  "lockfileVersion": 1,
  "requires": true,
  "dependencies": {
    "vue": {
      "version": "2.6.12",
      "resolved": "https://registry.nlark.com/vue/download/vue-2.6.12.tgz",
      "integrity": "sha1-9evU+mvShpQD4pqJau1JBEVskSM="
    },
    "vue-router": {
      "version": "3.5.1",
      "resolved": "https://registry.npm.taobao.org/vue-router/download/vue-router-3.5.1.tgz",
      "integrity": "sha1-7fPPSQeVLR4Fg+B5I3Igxf9utsk="
    },
    "vuex": {
      "version": "3.6.2",
      "resolved": "https://registry.nlark.com/vuex/download/vuex-3.6.2.tgz",
      "integrity": "sha1-I2vAhqhww655lG8QfxbeWdWJXnE="
    }
  }
}
