# THIS IS AN AUTOGENERATED FILE. DO NOT EDIT THIS FILE DIRECTLY.
# yarn lockfile v1


dom7@^3.0.0:
  version "3.0.0"
  resolved "https://registry.npm.taobao.org/dom7/download/dom7-3.0.0.tgz#b861ce5d67a6becd7aaa3ad02942ff14b1240331"
  integrity sha1-uGHOXWemvs16qjrQKUL/FLEkAzE=
  dependencies:
    ssr-window "^3.0.0-alpha.1"

jquery@^3.6.0:
  version "3.6.0"
  resolved "https://registry.npm.taobao.org/jquery/download/jquery-3.6.0.tgz?cache=0&sync_timestamp=1614705639458&other_urls=https%3A%2F%2Fregistry.npm.taobao.org%2Fjquery%2Fdownload%2Fjquery-3.6.0.tgz#c72a09f15c1bdce142f49dbf1170bdf8adac2470"
  integrity sha1-xyoJ8Vwb3OFC9J2/EXC9+K2sJHA=

ssr-window@^3.0.0, ssr-window@^3.0.0-alpha.1:
  version "3.0.0"
  resolved "https://registry.npm.taobao.org/ssr-window/download/ssr-window-3.0.0.tgz#fd5b82801638943e0cc704c4691801435af7ac37"
  integrity sha1-/VuCgBY4lD4MxwTEaRgBQ1r3rDc=

swiper@^6.5.0:
  version "6.5.0"
  resolved "https://registry.npm.taobao.org/swiper/download/swiper-6.5.0.tgz?cache=0&sync_timestamp=1614953339572&other_urls=https%3A%2F%2Fregistry.npm.taobao.org%2Fswiper%2Fdownload%2Fswiper-6.5.0.tgz#4ca2243b44fccef47ee28199377666607d8c5141"
  integrity sha1-TKIkO0T8zvR+4oGZN3ZmYH2MUUE=
  dependencies:
    dom7 "^3.0.0"
    ssr-window "^3.0.0"
