{
  "name": "demo",
  "version": "1.0.0",
  "lockfileVersion": 1,
  "requires": true,
  "dependencies": {
    "dom7": {
      "version": "2.1.5",
      "resolved": "https://registry.npm.taobao.org/dom7/download/dom7-2.1.5.tgz",
      "integrity": "sha1-p5QRAXgAsx2EAAcM2uu/ySwfY3c=",
      "requires": {
        "ssr-window": "^2.0.0"
      }
    },
    "jquery": {
      "version": "1.12.4",
      "resolved": "https://registry.npm.taobao.org/jquery/download/jquery-1.12.4.tgz?cache=0&sync_timestamp=1614705639458&other_urls=https%3A%2F%2Fregistry.npm.taobao.org%2Fjquery%2Fdownload%2Fjquery-1.12.4.tgz",
      "integrity": "sha1-AeHfuikP5z3rp3zurLD5ui/sngw="
    },
    "ssr-window": {
      "version": "2.0.0",
      "resolved": "https://registry.npm.taobao.org/ssr-window/download/ssr-window-2.0.0.tgz",
      "integrity": "sha1-mMMBrvmVIzF/jWlhjwAQeRCW78Q="
    },
    "swiper": {
      "version": "5.4.5",
      "resolved": "https://registry.npm.taobao.org/swiper/download/swiper-5.4.5.tgz?cache=0&sync_timestamp=1614953339572&other_urls=https%3A%2F%2Fregistry.npm.taobao.org%2Fswiper%2Fdownload%2Fswiper-5.4.5.tgz",
      "integrity": "sha1-o1D2VL9oQm27ZReTgkklUS0iPA8=",
      "requires": {
        "dom7": "^2.1.5",
        "ssr-window": "^2.0.0"
      }
    }
  }
}
